<?xml version="1.0" encoding="utf-8"?>
<Project ToolsVersion="4.0" xmlns="http://schemas.microsoft.com/developer/msbuild/2003">
  <ItemGroup>
    <Filter Include="源文件">
      <UniqueIdentifier>{4FC737F1-C7A5-4376-A066-2A32D752A2FF}</UniqueIdentifier>
      <Extensions>cpp;c;cc;cxx;c++;cppm;ixx;def;odl;idl;hpj;bat;asm;asmx</Extensions>
    </Filter>
    <Filter Include="头文件">
      <UniqueIdentifier>{93995380-89BD-4b04-88EB-625FBE52EBFB}</UniqueIdentifier>
      <Extensions>h;hh;hpp;hxx;h++;hm;inl;inc;ipp;xsd</Extensions>
    </Filter>
    <Filter Include="资源文件">
      <UniqueIdentifier>{67DA6AB6-F800-4c08-8B7A-83BB121AAD01}</UniqueIdentifier>
      <Extensions>rc;ico;cur;bmp;dlg;rc2;rct;bin;rgs;gif;jpg;jpeg;jpe;resx;tiff;tif;png;wav;mfcribbon-ms</Extensions>
    </Filter>
  </ItemGroup>
  <ItemGroup>
    <ClCompile Include="app.cpp">
      <Filter>源文件</Filter>
    </ClCompile>
    <ClCompile Include="engine\core\alpha\alpha.cpp">
      <Filter>源文件</Filter>
    </ClCompile>
    <ClCompile Include="engine\core\assets\asset.cpp">
      <Filter>源文件</Filter>
    </ClCompile>
    <ClCompile Include="engine\core\assets\asset-cache.cpp">
      <Filter>源文件</Filter>
    </ClCompile>
    <ClCompile Include="engine\core\assets\asset-load.cpp">
      <Filter>源文件</Filter>
    </ClCompile>
    <ClCompile Include="engine\core\assets\assets-manager.cpp">
      <Filter>源文件</Filter>
    </ClCompile>
    <ClCompile Include="engine\core\assets\asset-task.cpp">
      <Filter>源文件</Filter>
    </ClCompile>
    <ClCompile Include="engine\core\assets\material-asset.cpp">
      <Filter>源文件</Filter>
    </ClCompile>
    <ClCompile Include="engine\core\assets\mesh-asset.cpp">
      <Filter>源文件</Filter>
    </ClCompile>
    <ClCompile Include="engine\core\assets\scene-asset.cpp">
      <Filter>源文件</Filter>
    </ClCompile>
    <ClCompile Include="engine\core\assets\shader-asset.cpp">
      <Filter>源文件</Filter>
    </ClCompile>
    <ClCompile Include="engine\core\assets\texture-asset.cpp">
      <Filter>源文件</Filter>
    </ClCompile>
    <ClCompile Include="engine\core\component\component.cpp">
      <Filter>源文件</Filter>
    </ClCompile>
    <ClCompile Include="engine\core\component\component-factory.cpp">
      <Filter>源文件</Filter>
    </ClCompile>
    <ClCompile Include="engine\core\component\ui\ui-layout-horizontal.cpp">
      <Filter>源文件</Filter>
    </ClCompile>
    <ClCompile Include="engine\core\component\ui\ui-layout-vertical.cpp">
      <Filter>源文件</Filter>
    </ClCompile>
    <ClCompile Include="engine\core\component\ui\ui-widget.cpp">
      <Filter>源文件</Filter>
    </ClCompile>
    <ClCompile Include="engine\core\event\event.cpp">
      <Filter>源文件</Filter>
    </ClCompile>
    <ClCompile Include="engine\core\font\freetype-mgr.cpp">
      <Filter>源文件</Filter>
    </ClCompile>
    <ClCompile Include="engine\core\gfx\gfx.cpp">
      <Filter>源文件</Filter>
    </ClCompile>
    <ClCompile Include="engine\core\gfx\gfx-context.cpp">
      <Filter>源文件</Filter>
    </ClCompile>
    <ClCompile Include="engine\core\gfx\gfx-mgr.cpp">
      <Filter>源文件</Filter>
    </ClCompile>
    <ClCompile Include="engine\core\gfx\gfx-renderer.cpp">
      <Filter>源文件</Filter>
    </ClCompile>
    <ClCompile Include="engine\core\gfx\default\gfx-pipeline-default.cpp">
      <Filter>源文件</Filter>
    </ClCompile>
    <ClCompile Include="engine\core\gfx\default\gfx-queue-default.cpp">
      <Filter>源文件</Filter>
    </ClCompile>
    <ClCompile Include="engine\core\gfx\default\gfx-renderer-default.cpp">
      <Filter>源文件</Filter>
    </ClCompile>
    <ClCompile Include="engine\core\gfx\default\gfx-render-pass-default.cpp">
      <Filter>源文件</Filter>
    </ClCompile>
    <ClCompile Include="engine\core\gfx\builtin\gfx-batch-builtin.cpp">
      <Filter>源文件</Filter>
    </ClCompile>
    <ClCompile Include="engine\core\gfx\builtin\gfx-pipeline-builtin.cpp">
      <Filter>源文件</Filter>
    </ClCompile>
    <ClCompile Include="engine\core\gfx\builtin\gfx-queue-builtin.cpp">
      <Filter>源文件</Filter>
    </ClCompile>
    <ClCompile Include="engine\core\gfx\builtin\gfx-renderer-builtin.cpp">
      <Filter>源文件</Filter>
    </ClCompile>
    <ClCompile Include="engine\core\gfx\builtin\gfx-render-pass-builtin.cpp">
      <Filter>源文件</Filter>
    </ClCompile>
    <ClCompile Include="engine\core\gfx\base\gfx-buffer.cpp">
      <Filter>源文件</Filter>
    </ClCompile>
    <ClCompile Include="engine\core\gfx\base\gfx-buffer-instance.cpp">
      <Filter>源文件</Filter>
    </ClCompile>
    <ClCompile Include="engine\core\gfx\base\gfx-buffer-ubo.cpp">
      <Filter>源文件</Filter>
    </ClCompile>
    <ClCompile Include="engine\core\gfx\base\gfx-material.cpp">
      <Filter>源文件</Filter>
    </ClCompile>
    <ClCompile Include="engine\core\gfx\base\gfx-mesh.cpp">
      <Filter>源文件</Filter>
    </ClCompile>
    <ClCompile Include="engine\core\gfx\base\gfx-pipeline.cpp">
      <Filter>源文件</Filter>
    </ClCompile>
    <ClCompile Include="engine\core\gfx\base\gfx-push-constants.cpp">
      <Filter>源文件</Filter>
    </ClCompile>
    <ClCompile Include="engine\core\gfx\base\gfx-render-pass.cpp">
      <Filter>源文件</Filter>
    </ClCompile>
    <ClCompile Include="engine\core\gfx\base\gfx-render-texture.cpp">
      <Filter>源文件</Filter>
    </ClCompile>
    <ClCompile Include="engine\core\gfx\base\gfx-shader.cpp">
      <Filter>源文件</Filter>
    </ClCompile>
    <ClCompile Include="engine\core\gfx\base\gfx-texture.cpp">
      <Filter>源文件</Filter>
    </ClCompile>
    <ClCompile Include="engine\core\input\input.cpp">
      <Filter>源文件</Filter>
    </ClCompile>
    <ClCompile Include="engine\core\math\color.cpp">
      <Filter>源文件</Filter>
    </ClCompile>
    <ClCompile Include="engine\core\math\mat4.cpp">
      <Filter>源文件</Filter>
    </ClCompile>
    <ClCompile Include="engine\core\math\quat.cpp">
      <Filter>源文件</Filter>
    </ClCompile>
    <ClCompile Include="engine\core\math\size.cpp">
      <Filter>源文件</Filter>
    </ClCompile>
    <ClCompile Include="engine\core\math\vec2.cpp">
      <Filter>源文件</Filter>
    </ClCompile>
    <ClCompile Include="engine\core\math\vec3.cpp">
      <Filter>源文件</Filter>
    </ClCompile>
    <ClCompile Include="engine\core\renderer\camera.cpp">
      <Filter>源文件</Filter>
    </ClCompile>
    <ClCompile Include="engine\core\renderer\renderer.cpp">
      <Filter>源文件</Filter>
    </ClCompile>
    <ClCompile Include="engine\core\scene\node.cpp">
      <Filter>源文件</Filter>
    </ClCompile>
    <ClCompile Include="engine\core\scene\node-2d.cpp">
      <Filter>源文件</Filter>
    </ClCompile>
    <ClCompile Include="engine\core\scene\node-3d.cpp">
      <Filter>源文件</Filter>
    </ClCompile>
    <ClCompile Include="engine\core\scene\scene.cpp">
      <Filter>源文件</Filter>
    </ClCompile>
    <ClCompile Include="engine\core\utils\dialog-util.cpp">
      <Filter>源文件</Filter>
    </ClCompile>
    <ClCompile Include="engine\core\utils\file-util.cpp">
      <Filter>源文件</Filter>
    </ClCompile>
    <ClCompile Include="engine\core\utils\fmt-util.cpp">
      <Filter>源文件</Filter>
    </ClCompile>
    <ClCompile Include="engine\core\utils\sdf-util.cpp">
      <Filter>源文件</Filter>
    </ClCompile>
    <ClCompile Include="engine\core\utils\time-util.cpp">
      <Filter>源文件</Filter>
    </ClCompile>
    <ClCompile Include="engine\core\utils\uuid-util.cpp">
      <Filter>源文件</Filter>
    </ClCompile>
    <ClCompile Include="engine\core\game.cpp">
      <Filter>源文件</Filter>
    </ClCompile>
    <ClCompile Include="engine\window\window.cpp">
      <Filter>源文件</Filter>
    </ClCompile>
    <ClCompile Include="engine\boo.cpp">
      <Filter>源文件</Filter>
    </ClCompile>
    <ClCompile Include="engine\engine.cpp">
      <Filter>源文件</Filter>
    </ClCompile>
    <ClCompile Include="engine\core\global\global.cpp">
      <Filter>源文件</Filter>
    </ClCompile>
    <ClCompile Include="editor\boo-editor.cpp">
      <Filter>源文件</Filter>
    </ClCompile>
    <ClCompile Include="editor\editor.cpp">
      <Filter>源文件</Filter>
    </ClCompile>
    <ClCompile Include="editor\core\editor-boot.cpp">
      <Filter>源文件</Filter>
    </ClCompile>
    <ClCompile Include="editor\core\main\editor-layout.cpp">
      <Filter>源文件</Filter>
    </ClCompile>
    <ClCompile Include="editor\core\main\editor-main.cpp">
      <Filter>源文件</Filter>
    </ClCompile>
    <ClCompile Include="editor\core\main\scene\editor-scene.cpp">
      <Filter>源文件</Filter>
    </ClCompile>
    <ClCompile Include="editor\core\main\scene\editor-scene-renderer.cpp">
      <Filter>源文件</Filter>
    </ClCompile>
    <ClCompile Include="editor\core\main\scene\editor-scene-renderer2d.cpp">
      <Filter>源文件</Filter>
    </ClCompile>
    <ClCompile Include="editor\core\main\scene\editor-scene-renderer3d.cpp">
      <Filter>源文件</Filter>
    </ClCompile>
    <ClCompile Include="editor\core\main\property\editor-property.cpp">
      <Filter>源文件</Filter>
    </ClCompile>
    <ClCompile Include="editor\core\main\property\editor-property-layout.cpp">
      <Filter>源文件</Filter>
    </ClCompile>
    <ClCompile Include="editor\core\main\hierarchy\editor-hierarchy.cpp">
      <Filter>源文件</Filter>
    </ClCompile>
    <ClCompile Include="editor\core\main\hierarchy\editor-hierarchy-layout.cpp">
      <Filter>源文件</Filter>
    </ClCompile>
    <ClCompile Include="editor\core\main\hierarchy\editor-hierarchy-node-tree.cpp">
      <Filter>源文件</Filter>
    </ClCompile>
    <ClCompile Include="editor\core\main\assets\editor-assets.cpp">
      <Filter>源文件</Filter>
    </ClCompile>
    <ClCompile Include="editor\core\main\assets\editor-assets-file-tree.cpp">
      <Filter>源文件</Filter>
    </ClCompile>
    <ClCompile Include="editor\core\main\assets\editor-assets-layout.cpp">
      <Filter>源文件</Filter>
    </ClCompile>
    <ClCompile Include="editor\core\loading\editor-loading.cpp">
      <Filter>源文件</Filter>
    </ClCompile>
    <ClCompile Include="editor\core\config\editor-config.cpp">
      <Filter>源文件</Filter>
    </ClCompile>
    <ClCompile Include="editor\core\cache\editor-cache.cpp">
      <Filter>源文件</Filter>
    </ClCompile>
    <ClCompile Include="editor\core\cache\scene\editor-cache-scene.cpp">
      <Filter>源文件</Filter>
    </ClCompile>
    <ClCompile Include="editor\core\cache\assets\editor-cache-assets.cpp">
      <Filter>源文件</Filter>
    </ClCompile>
    <ClCompile Include="editor\core\cache\assets\editor-cache-assets-task.cpp">
      <Filter>源文件</Filter>
    </ClCompile>
    <ClCompile Include="engine\core\renderer\ui\ui-mask.cpp">
      <Filter>源文件</Filter>
    </ClCompile>
    <ClCompile Include="engine\core\renderer\ui\ui-renderer.cpp">
      <Filter>源文件</Filter>
    </ClCompile>
    <ClCompile Include="engine\core\renderer\ui\ui-sprite.cpp">
      <Filter>源文件</Filter>
    </ClCompile>
    <ClCompile Include="engine\core\renderer\ui\ui-text.cpp">
      <Filter>源文件</Filter>
    </ClCompile>
    <ClCompile Include="engine\core\assets\assst-builtin.cpp">
      <Filter>源文件</Filter>
    </ClCompile>
  </ItemGroup>
  <ItemGroup>
    <ClInclude Include="engine\core\alpha\alpha.h">
      <Filter>头文件</Filter>
    </ClInclude>
    <ClInclude Include="engine\core\assets\asset.h">
      <Filter>头文件</Filter>
    </ClInclude>
    <ClInclude Include="engine\core\assets\asset-cache.h">
      <Filter>头文件</Filter>
    </ClInclude>
    <ClInclude Include="engine\core\assets\asset-load.h">
      <Filter>头文件</Filter>
    </ClInclude>
    <ClInclude Include="engine\core\assets\assets-manager.h">
      <Filter>头文件</Filter>
    </ClInclude>
    <ClInclude Include="engine\core\assets\asset-struct.h">
      <Filter>头文件</Filter>
    </ClInclude>
    <ClInclude Include="engine\core\assets\asset-task.h">
      <Filter>头文件</Filter>
    </ClInclude>
    <ClInclude Include="engine\core\assets\material-asset.h">
      <Filter>头文件</Filter>
    </ClInclude>
    <ClInclude Include="engine\core\assets\mesh-asset.h">
      <Filter>头文件</Filter>
    </ClInclude>
    <ClInclude Include="engine\core\assets\scene-asset.h">
      <Filter>头文件</Filter>
    </ClInclude>
    <ClInclude Include="engine\core\assets\shader-asset.h">
      <Filter>头文件</Filter>
    </ClInclude>
    <ClInclude Include="engine\core\assets\texture-asset.h">
      <Filter>头文件</Filter>
    </ClInclude>
    <ClInclude Include="engine\core\component\component.h">
      <Filter>头文件</Filter>
    </ClInclude>
    <ClInclude Include="engine\core\component\component-factory.h">
      <Filter>头文件</Filter>
    </ClInclude>
    <ClInclude Include="engine\core\component\component-factory-impl.h">
      <Filter>头文件</Filter>
    </ClInclude>
    <ClInclude Include="engine\core\component\component-property-reflect.h">
      <Filter>头文件</Filter>
    </ClInclude>
    <ClInclude Include="engine\core\component\component-property-register.h">
      <Filter>头文件</Filter>
    </ClInclude>
    <ClInclude Include="engine\core\component\component-register.h">
      <Filter>头文件</Filter>
    </ClInclude>
    <ClInclude Include="engine\core\component\ui\ui-layout-horizontal.h">
      <Filter>头文件</Filter>
    </ClInclude>
    <ClInclude Include="engine\core\component\ui\ui-layout-vertical.h">
      <Filter>头文件</Filter>
    </ClInclude>
    <ClInclude Include="engine\core\component\ui\ui-widget.h">
      <Filter>头文件</Filter>
    </ClInclude>
    <ClInclude Include="engine\core\event\event.h">
      <Filter>头文件</Filter>
    </ClInclude>
    <ClInclude Include="engine\core\font\freetype-mgr.h">
      <Filter>头文件</Filter>
    </ClInclude>
    <ClInclude Include="engine\core\gfx\gfx.h">
      <Filter>头文件</Filter>
    </ClInclude>
    <ClInclude Include="engine\core\gfx\gfx-context.h">
      <Filter>头文件</Filter>
    </ClInclude>
    <ClInclude Include="engine\core\gfx\gfx-mgr.h">
      <Filter>头文件</Filter>
    </ClInclude>
    <ClInclude Include="engine\core\gfx\gfx-renderer.h">
      <Filter>头文件</Filter>
    </ClInclude>
    <ClInclude Include="engine\core\gfx\default\gfx-pipeline-default.h">
      <Filter>头文件</Filter>
    </ClInclude>
    <ClInclude Include="engine\core\gfx\default\gfx-queue-default.h">
      <Filter>头文件</Filter>
    </ClInclude>
    <ClInclude Include="engine\core\gfx\default\gfx-renderer-default.h">
      <Filter>头文件</Filter>
    </ClInclude>
    <ClInclude Include="engine\core\gfx\default\gfx-render-pass-default.h">
      <Filter>头文件</Filter>
    </ClInclude>
    <ClInclude Include="engine\core\gfx\builtin\gfx-batch-builtin.h">
      <Filter>头文件</Filter>
    </ClInclude>
    <ClInclude Include="engine\core\gfx\builtin\gfx-pipeline-builtin.h">
      <Filter>头文件</Filter>
    </ClInclude>
    <ClInclude Include="engine\core\gfx\builtin\gfx-queue-builtin.h">
      <Filter>头文件</Filter>
    </ClInclude>
    <ClInclude Include="engine\core\gfx\builtin\gfx-renderer-builtin.h">
      <Filter>头文件</Filter>
    </ClInclude>
    <ClInclude Include="engine\core\gfx\builtin\gfx-render-pass-builtin.h">
      <Filter>头文件</Filter>
    </ClInclude>
    <ClInclude Include="engine\core\gfx\base\gfx-buffer.h">
      <Filter>头文件</Filter>
    </ClInclude>
    <ClInclude Include="engine\core\gfx\base\gfx-buffer-instance.h">
      <Filter>头文件</Filter>
    </ClInclude>
    <ClInclude Include="engine\core\gfx\base\gfx-buffer-ubo.h">
      <Filter>头文件</Filter>
    </ClInclude>
    <ClInclude Include="engine\core\gfx\base\gfx-material.h">
      <Filter>头文件</Filter>
    </ClInclude>
    <ClInclude Include="engine\core\gfx\base\gfx-mesh.h">
      <Filter>头文件</Filter>
    </ClInclude>
    <ClInclude Include="engine\core\gfx\base\gfx-mesh-struct.h">
      <Filter>头文件</Filter>
    </ClInclude>
    <ClInclude Include="engine\core\gfx\base\gfx-pipeline.h">
      <Filter>头文件</Filter>
    </ClInclude>
    <ClInclude Include="engine\core\gfx\base\gfx-pipeline-struct.h">
      <Filter>头文件</Filter>
    </ClInclude>
    <ClInclude Include="engine\core\gfx\base\gfx-push-constants.h">
      <Filter>头文件</Filter>
    </ClInclude>
    <ClInclude Include="engine\core\gfx\base\gfx-render-pass.h">
      <Filter>头文件</Filter>
    </ClInclude>
    <ClInclude Include="engine\core\gfx\base\gfx-render-texture.h">
      <Filter>头文件</Filter>
    </ClInclude>
    <ClInclude Include="engine\core\gfx\base\gfx-shader.h">
      <Filter>头文件</Filter>
    </ClInclude>
    <ClInclude Include="engine\core\gfx\base\gfx-shader-struct.h">
      <Filter>头文件</Filter>
    </ClInclude>
    <ClInclude Include="engine\core\gfx\base\gfx-struct.h">
      <Filter>头文件</Filter>
    </ClInclude>
    <ClInclude Include="engine\core\gfx\base\gfx-texture.h">
      <Filter>头文件</Filter>
    </ClInclude>
    <ClInclude Include="engine\core\input\input.h">
      <Filter>头文件</Filter>
    </ClInclude>
    <ClInclude Include="engine\core\input\input-impl.h">
      <Filter>头文件</Filter>
    </ClInclude>
    <ClInclude Include="engine\core\input\input-struct.h">
      <Filter>头文件</Filter>
    </ClInclude>
    <ClInclude Include="engine\core\math\color.h">
      <Filter>头文件</Filter>
    </ClInclude>
    <ClInclude Include="engine\core\math\mat4.h">
      <Filter>头文件</Filter>
    </ClInclude>
    <ClInclude Include="engine\core\math\quat.h">
      <Filter>头文件</Filter>
    </ClInclude>
    <ClInclude Include="engine\core\math\size.h">
      <Filter>头文件</Filter>
    </ClInclude>
    <ClInclude Include="engine\core\math\vec2.h">
      <Filter>头文件</Filter>
    </ClInclude>
    <ClInclude Include="engine\core\math\vec3.h">
      <Filter>头文件</Filter>
    </ClInclude>
    <ClInclude Include="engine\core\renderer\camera.h">
      <Filter>头文件</Filter>
    </ClInclude>
    <ClInclude Include="engine\core\renderer\renderer.h">
      <Filter>头文件</Filter>
    </ClInclude>
    <ClInclude Include="engine\core\scene\node.h">
      <Filter>头文件</Filter>
    </ClInclude>
    <ClInclude Include="engine\core\scene\node-2d.h">
      <Filter>头文件</Filter>
    </ClInclude>
    <ClInclude Include="engine\core\scene\node-2d-impl.h">
      <Filter>头文件</Filter>
    </ClInclude>
    <ClInclude Include="engine\core\scene\node-3d.h">
      <Filter>头文件</Filter>
    </ClInclude>
    <ClInclude Include="engine\core\scene\node-3d-impl.h">
      <Filter>头文件</Filter>
    </ClInclude>
    <ClInclude Include="engine\core\scene\node-struct.h">
      <Filter>头文件</Filter>
    </ClInclude>
    <ClInclude Include="engine\core\scene\scene.h">
      <Filter>头文件</Filter>
    </ClInclude>
    <ClInclude Include="engine\core\utils\dialog-util.h">
      <Filter>头文件</Filter>
    </ClInclude>
    <ClInclude Include="engine\core\utils\file-util.h">
      <Filter>头文件</Filter>
    </ClInclude>
    <ClInclude Include="engine\core\utils\fmt-util.h">
      <Filter>头文件</Filter>
    </ClInclude>
    <ClInclude Include="engine\core\utils\json-util.h">
      <Filter>头文件</Filter>
    </ClInclude>
    <ClInclude Include="engine\core\utils\sdf-util.h">
      <Filter>头文件</Filter>
    </ClInclude>
    <ClInclude Include="engine\core\utils\time-util.h">
      <Filter>头文件</Filter>
    </ClInclude>
    <ClInclude Include="engine\core\utils\uuid-util.h">
      <Filter>头文件</Filter>
    </ClInclude>
    <ClInclude Include="engine\core\game.h">
      <Filter>头文件</Filter>
    </ClInclude>
    <ClInclude Include="engine\window\window.h">
      <Filter>头文件</Filter>
    </ClInclude>
    <ClInclude Include="engine\boo.h">
      <Filter>头文件</Filter>
    </ClInclude>
    <ClInclude Include="engine\engine.h">
      <Filter>头文件</Filter>
    </ClInclude>
    <ClInclude Include="engine\core\global\global.h">
      <Filter>头文件</Filter>
    </ClInclude>
    <ClInclude Include="engine\libs\nlohmann\fifo_map.hpp">
      <Filter>头文件</Filter>
    </ClInclude>
    <ClInclude Include="engine\libs\nlohmann\json.hpp">
      <Filter>头文件</Filter>
    </ClInclude>
    <ClInclude Include="editor\boo-editor.h">
      <Filter>头文件</Filter>
    </ClInclude>
    <ClInclude Include="editor\editor.h">
      <Filter>头文件</Filter>
    </ClInclude>
    <ClInclude Include="editor\core\editor-boot.h">
      <Filter>头文件</Filter>
    </ClInclude>
    <ClInclude Include="editor\core\main\editor-layout.h">
      <Filter>头文件</Filter>
    </ClInclude>
    <ClInclude Include="editor\core\main\editor-main.h">
      <Filter>头文件</Filter>
    </ClInclude>
    <ClInclude Include="editor\core\main\scene\editor-scene.h">
      <Filter>头文件</Filter>
    </ClInclude>
    <ClInclude Include="editor\core\main\scene\editor-scene-renderer.h">
      <Filter>头文件</Filter>
    </ClInclude>
    <ClInclude Include="editor\core\main\scene\editor-scene-renderer2d.h">
      <Filter>头文件</Filter>
    </ClInclude>
    <ClInclude Include="editor\core\main\scene\editor-scene-renderer3d.h">
      <Filter>头文件</Filter>
    </ClInclude>
    <ClInclude Include="editor\core\main\property\editor-property.h">
      <Filter>头文件</Filter>
    </ClInclude>
    <ClInclude Include="editor\core\main\property\editor-property-layout.h">
      <Filter>头文件</Filter>
    </ClInclude>
    <ClInclude Include="editor\core\main\hierarchy\editor-hierarchy.h">
      <Filter>头文件</Filter>
    </ClInclude>
    <ClInclude Include="editor\core\main\hierarchy\editor-hierarchy-layout.h">
      <Filter>头文件</Filter>
    </ClInclude>
    <ClInclude Include="editor\core\main\hierarchy\editor-hierarchy-node-tree.h">
      <Filter>头文件</Filter>
    </ClInclude>
    <ClInclude Include="editor\core\main\assets\editor-assets.h">
      <Filter>头文件</Filter>
    </ClInclude>
    <ClInclude Include="editor\core\main\assets\editor-assets-file-tree.h">
      <Filter>头文件</Filter>
    </ClInclude>
    <ClInclude Include="editor\core\main\assets\editor-assets-layout.h">
      <Filter>头文件</Filter>
    </ClInclude>
    <ClInclude Include="editor\core\loading\editor-loading.h">
      <Filter>头文件</Filter>
    </ClInclude>
    <ClInclude Include="editor\core\config\editor-config.h">
      <Filter>头文件</Filter>
    </ClInclude>
    <ClInclude Include="editor\core\cache\editor-cache.h">
      <Filter>头文件</Filter>
    </ClInclude>
    <ClInclude Include="editor\core\cache\scene\editor-cache-scene.h">
      <Filter>头文件</Filter>
    </ClInclude>
    <ClInclude Include="editor\core\cache\assets\editor-cache-assets.h">
      <Filter>头文件</Filter>
    </ClInclude>
    <ClInclude Include="editor\core\cache\assets\editor-cache-assets-task.h">
      <Filter>头文件</Filter>
    </ClInclude>
    <ClInclude Include="engine\core\renderer\ui\ui-mask.h">
      <Filter>头文件</Filter>
    </ClInclude>
    <ClInclude Include="engine\core\renderer\ui\ui-renderer.h">
      <Filter>头文件</Filter>
    </ClInclude>
    <ClInclude Include="engine\core\renderer\ui\ui-sprite.h">
      <Filter>头文件</Filter>
    </ClInclude>
    <ClInclude Include="engine\core\renderer\ui\ui-text.h">
      <Filter>头文件</Filter>
    </ClInclude>
    <ClInclude Include="engine\core\assets\assst-builtin.h">
      <Filter>头文件</Filter>
    </ClInclude>
  </ItemGroup>
  <ItemGroup>
    <None Include="engine\core\assets\readme.md" />
    <None Include="engine\core\component\readme.md" />
    <None Include="engine\core\gfx\readme.md" />
    <None Include="engine\core\input\readme.md" />
    <None Include="engine\core\renderer\readme.md" />
    <None Include="engine\window\readme.md" />
    <None Include="engine\readme.md" />
    <None Include="editor\readme.md" />
    <None Include="editor\core\cache\readme.md" />
    <None Include="editor\core\cache\assets\readme.md" />
  </ItemGroup>
</Project>